{
  "name": "andre-mp3-generation",
  "version": "1.0.0",
  "lockfileVersion": 1,
  "requires": true,
  "dependencies": {
    "sox-audio": {
      "version": "0.3.0",
      "resolved": "https://registry.npmjs.org/sox-audio/-/sox-audio-0.3.0.tgz",
      "integrity": "sha1-3UOk3X+pf/QGY5DDmQOuSrGYrsU=",
      "dev": true,
      "requires": {
        "through": "^2.3.6"
      }
    },
    "spex": {
      "version": "2.2.0",
      "resolved": "https://registry.npmjs.org/spex/-/spex-2.2.0.tgz",
      "integrity": "sha512-iwBxqKe4ZKD+P/i/WdzWw5qxmerHvzVb29wQm4zwYaDPuwsTKjS7nbqt8OyBSLAi2q0ZFUN3F2b4erX0UwF0fA=="
    },
    "through": {
      "version": "2.3.8",
      "resolved": "https://registry.npmjs.org/through/-/through-2.3.8.tgz",
      "integrity": "sha1-DdTJ/6q8NXlgsbckEV1+Doai4fU=",
      "dev": true
    }
  }
}
